
Microsoft Visual Studio Solution File, Format Version 12.00
# Visual Studio Version 16
VisualStudioVersion = 16.0.29209.62
MinimumVisualStudioVersion = 10.0.40219.1
Project("{FAE04EC0-301F-11D3-BF4B-00C04F79EFBC}") = "IfElse__CS", "IfElse__CS.csproj", "{6328E8DC-16E8-43A1-81B6-DF0F77614EF6}"
EndProject
Global
	GlobalSection(SolutionConfigurationPlatforms) = preSolution
		Debug|Any CPU = Debug|Any CPU
		Release|Any CPU = Release|Any CPU
	EndGlobalSection
	GlobalSection(ProjectConfigurationPlatforms) = postSolution
		{6328E8DC-16E8-43A1-81B6-DF0F77614EF6}.Debug|Any CPU.ActiveCfg = Debug|Any CPU
		{6328E8DC-16E8-43A1-81B6-DF0F77614EF6}.Debug|Any CPU.Build.0 = Debug|Any CPU
		{6328E8DC-16E8-43A1-81B6-DF0F77614EF6}.Release|Any CPU.ActiveCfg = Release|Any CPU
		{6328E8DC-16E8-43A1-81B6-DF0F77614EF6}.Release|Any CPU.Build.0 = Release|Any CPU
	EndGlobalSection
	GlobalSection(SolutionProperties) = preSolution
		HideSolutionNode = FALSE
	EndGlobalSection
	GlobalSection(ExtensibilityGlobals) = postSolution
		SolutionGuid = {438E70CB-B844-4849-8E12-AA3A977A6EA8}
	EndGlobalSection
EndGlobal
